
Microsoft Visual Studio Solution File, Format Version 12.00
# Visual Studio Version 17
VisualStudioVersion = 17.5.33530.505
MinimumVisualStudioVersion = 10.0.40219.1
Project("{9A19103F-16F7-4668-BE54-9A1E7A4F7556}") = "FashionCatalogue", "FashionCatalog\FashionCatalogue.csproj", "{00502572-AF66-4B38-8D4B-EA62D3C98D1C}"
EndProject
Global
	GlobalSection(SolutionConfigurationPlatforms) = preSolution
		Debug|Any CPU = Debug|Any CPU
		Release|Any CPU = Release|Any CPU
	EndGlobalSection
	GlobalSection(ProjectConfigurationPlatforms) = postSolution
		{00502572-AF66-4B38-8D4B-EA62D3C98D1C}.Debug|Any CPU.ActiveCfg = Debug|Any CPU
		{00502572-AF66-4B38-8D4B-EA62D3C98D1C}.Debug|Any CPU.Build.0 = Debug|Any CPU
		{00502572-AF66-4B38-8D4B-EA62D3C98D1C}.Release|Any CPU.ActiveCfg = Release|Any CPU
		{00502572-AF66-4B38-8D4B-EA62D3C98D1C}.Release|Any CPU.Build.0 = Release|Any CPU
	EndGlobalSection
	GlobalSection(SolutionProperties) = preSolution
		HideSolutionNode = FALSE
	EndGlobalSection
	GlobalSection(ExtensibilityGlobals) = postSolution
		SolutionGuid = {1E2E5368-0E64-41A9-87F4-CA2CE22311D5}
	EndGlobalSection
EndGlobal
